
Microsoft Visual Studio Solution File, Format Version 12.00
# Visual Studio 15
VisualStudioVersion = 15.0.28307.489
MinimumVisualStudioVersion = 10.0.40219.1
Project("{FAE04EC0-301F-11D3-BF4B-00C04F79EFBC}") = "Singleton", "DesignPatterns\Singleton.csproj", "{1339857D-FE04-4817-8E0E-A0C652691AC7}"
EndProject
Project("{FAE04EC0-301F-11D3-BF4B-00C04F79EFBC}") = "FactoryMethod", "FactoryMethod\FactoryMethod.csproj", "{FD8851E7-6A33-4BE0-BA18-DCDD1432F612}"
EndProject
Project("{FAE04EC0-301F-11D3-BF4B-00C04F79EFBC}") = "AbstractFactory", "AbstractFactory\AbstractFactory.csproj", "{6045A1A6-1CE3-4861-A0D1-CADBA6621CAF}"
EndProject
Project("{FAE04EC0-301F-11D3-BF4B-00C04F79EFBC}") = "Prototype", "Prototype\Prototype.csproj", "{BC798C9A-732A-4DE8-9DB2-EC4DBF79CA39}"
EndProject
Project("{FAE04EC0-301F-11D3-BF4B-00C04F79EFBC}") = "Builder", "Builder\Builder.csproj", "{722CA9D3-97C3-40E0-BBC8-7151F215A0A7}"
EndProject
Project("{FAE04EC0-301F-11D3-BF4B-00C04F79EFBC}") = "Facade", "Facade\Facade.csproj", "{3F5A27C8-FF45-48DF-9B5C-70B2F2D918C0}"
EndProject
Project("{FAE04EC0-301F-11D3-BF4B-00C04F79EFBC}") = "Adapter", "Adapter\Adapter.csproj", "{DA48DB36-3C31-44AF-9FC2-54E8AFB36A2D}"
EndProject
Project("{FAE04EC0-301F-11D3-BF4B-00C04F79EFBC}") = "Composite", "Composite\Composite.csproj", "{ED236B1E-A395-4029-9564-8B3F598E325C}"
EndProject
Project("{FAE04EC0-301F-11D3-BF4B-00C04F79EFBC}") = "OOP", "OOP\OOP.csproj", "{DA62B31C-AE03-43E5-AC70-F57AE4FB2930}"
EndProject
Project("{FAE04EC0-301F-11D3-BF4B-00C04F79EFBC}") = "Proxy", "Proxy\Proxy.csproj", "{8447FF52-F4B8-49F7-AA89-D7C17CA78429}"
EndProject
Project("{FAE04EC0-301F-11D3-BF4B-00C04F79EFBC}") = "Decorator", "Decorator\Decorator.csproj", "{AA776C35-C80C-4696-816A-EA78EC3E59ED}"
EndProject
Project("{FAE04EC0-301F-11D3-BF4B-00C04F79EFBC}") = "Bridge", "Bridge\Bridge.csproj", "{CD43676C-64F7-4ADE-A82C-A4A819153830}"
EndProject
Project("{FAE04EC0-301F-11D3-BF4B-00C04F79EFBC}") = "Strategy", "Strategy\Strategy.csproj", "{67AF32D5-C1FF-4FB8-BF84-852A9DF5871B}"
EndProject
Project("{FAE04EC0-301F-11D3-BF4B-00C04F79EFBC}") = "Observer", "Observer\Observer.csproj", "{7996823E-2939-4BE6-AAB5-A85C6A876C5A}"
EndProject
Project("{FAE04EC0-301F-11D3-BF4B-00C04F79EFBC}") = "ChainOfResponsibility", "ChainOfResponsibility\ChainOfResponsibility.csproj", "{BD16EE81-2498-401A-A078-7F586D8087FE}"
EndProject
Project("{FAE04EC0-301F-11D3-BF4B-00C04F79EFBC}") = "Memento", "Memento\Memento.csproj", "{A8F5E626-5542-44E2-A14D-14B69ED18E4B}"
EndProject
Project("{FAE04EC0-301F-11D3-BF4B-00C04F79EFBC}") = "Template", "Template\Template.csproj", "{C480F494-1D47-42B1-9BBF-B6DEA6CA9596}"
EndProject
Project("{FAE04EC0-301F-11D3-BF4B-00C04F79EFBC}") = "State", "State\State.csproj", "{35D4F31A-8C2A-448F-A828-E748F0399563}"
EndProject
Project("{FAE04EC0-301F-11D3-BF4B-00C04F79EFBC}") = "Mediator", "Mediator\Mediator.csproj", "{47867410-43E8-4F33-8876-5EC82BB51746}"
EndProject
Project("{FAE04EC0-301F-11D3-BF4B-00C04F79EFBC}") = "Command", "Command\Command.csproj", "{C6D545DD-90C4-493D-A6CF-B1BBF03A9186}"
EndProject
Project("{FAE04EC0-301F-11D3-BF4B-00C04F79EFBC}") = "Visitor", "Visitor\Visitor.csproj", "{AC5F2CE0-BF15-43D9-A4AC-4F6FB2919144}"
EndProject
Project("{FAE04EC0-301F-11D3-BF4B-00C04F79EFBC}") = "DependencyInjection", "DependencyInjection\DependencyInjection.csproj", "{171DABE9-7085-424B-9A70-9671C11D6C25}"
EndProject
Project("{FAE04EC0-301F-11D3-BF4B-00C04F79EFBC}") = "NullObject", "NullObject\NullObject.csproj", "{FA614422-9071-4B1A-877B-FF04AF0363E6}"
EndProject
Project("{FAE04EC0-301F-11D3-BF4B-00C04F79EFBC}") = "Multiton", "Multiton\Multiton.csproj", "{E38140F1-9617-4756-8224-59D2B942867F}"
EndProject
Global
	GlobalSection(SolutionConfigurationPlatforms) = preSolution
		Debug|Any CPU = Debug|Any CPU
		Release|Any CPU = Release|Any CPU
	EndGlobalSection
	GlobalSection(ProjectConfigurationPlatforms) = postSolution
		{1339857D-FE04-4817-8E0E-A0C652691AC7}.Debug|Any CPU.ActiveCfg = Debug|Any CPU
		{1339857D-FE04-4817-8E0E-A0C652691AC7}.Debug|Any CPU.Build.0 = Debug|Any CPU
		{1339857D-FE04-4817-8E0E-A0C652691AC7}.Release|Any CPU.ActiveCfg = Release|Any CPU
		{1339857D-FE04-4817-8E0E-A0C652691AC7}.Release|Any CPU.Build.0 = Release|Any CPU
		{FD8851E7-6A33-4BE0-BA18-DCDD1432F612}.Debug|Any CPU.ActiveCfg = Debug|Any CPU
		{FD8851E7-6A33-4BE0-BA18-DCDD1432F612}.Debug|Any CPU.Build.0 = Debug|Any CPU
		{FD8851E7-6A33-4BE0-BA18-DCDD1432F612}.Release|Any CPU.ActiveCfg = Release|Any CPU
		{FD8851E7-6A33-4BE0-BA18-DCDD1432F612}.Release|Any CPU.Build.0 = Release|Any CPU
		{6045A1A6-1CE3-4861-A0D1-CADBA6621CAF}.Debug|Any CPU.ActiveCfg = Debug|Any CPU
		{6045A1A6-1CE3-4861-A0D1-CADBA6621CAF}.Debug|Any CPU.Build.0 = Debug|Any CPU
		{6045A1A6-1CE3-4861-A0D1-CADBA6621CAF}.Release|Any CPU.ActiveCfg = Release|Any CPU
		{6045A1A6-1CE3-4861-A0D1-CADBA6621CAF}.Release|Any CPU.Build.0 = Release|Any CPU
		{BC798C9A-732A-4DE8-9DB2-EC4DBF79CA39}.Debug|Any CPU.ActiveCfg = Debug|Any CPU
		{BC798C9A-732A-4DE8-9DB2-EC4DBF79CA39}.Debug|Any CPU.Build.0 = Debug|Any CPU
		{BC798C9A-732A-4DE8-9DB2-EC4DBF79CA39}.Release|Any CPU.ActiveCfg = Release|Any CPU
		{BC798C9A-732A-4DE8-9DB2-EC4DBF79CA39}.Release|Any CPU.Build.0 = Release|Any CPU
		{722CA9D3-97C3-40E0-BBC8-7151F215A0A7}.Debug|Any CPU.ActiveCfg = Debug|Any CPU
		{722CA9D3-97C3-40E0-BBC8-7151F215A0A7}.Debug|Any CPU.Build.0 = Debug|Any CPU
		{722CA9D3-97C3-40E0-BBC8-7151F215A0A7}.Release|Any CPU.ActiveCfg = Release|Any CPU
		{722CA9D3-97C3-40E0-BBC8-7151F215A0A7}.Release|Any CPU.Build.0 = Release|Any CPU
		{3F5A27C8-FF45-48DF-9B5C-70B2F2D918C0}.Debug|Any CPU.ActiveCfg = Debug|Any CPU
		{3F5A27C8-FF45-48DF-9B5C-70B2F2D918C0}.Debug|Any CPU.Build.0 = Debug|Any CPU
		{3F5A27C8-FF45-48DF-9B5C-70B2F2D918C0}.Release|Any CPU.ActiveCfg = Release|Any CPU
		{3F5A27C8-FF45-48DF-9B5C-70B2F2D918C0}.Release|Any CPU.Build.0 = Release|Any CPU
		{DA48DB36-3C31-44AF-9FC2-54E8AFB36A2D}.Debug|Any CPU.ActiveCfg = Debug|Any CPU
		{DA48DB36-3C31-44AF-9FC2-54E8AFB36A2D}.Debug|Any CPU.Build.0 = Debug|Any CPU
		{DA48DB36-3C31-44AF-9FC2-54E8AFB36A2D}.Release|Any CPU.ActiveCfg = Release|Any CPU
		{DA48DB36-3C31-44AF-9FC2-54E8AFB36A2D}.Release|Any CPU.Build.0 = Release|Any CPU
		{ED236B1E-A395-4029-9564-8B3F598E325C}.Debug|Any CPU.ActiveCfg = Debug|Any CPU
		{ED236B1E-A395-4029-9564-8B3F598E325C}.Debug|Any CPU.Build.0 = Debug|Any CPU
		{ED236B1E-A395-4029-9564-8B3F598E325C}.Release|Any CPU.ActiveCfg = Release|Any CPU
		{ED236B1E-A395-4029-9564-8B3F598E325C}.Release|Any CPU.Build.0 = Release|Any CPU
		{DA62B31C-AE03-43E5-AC70-F57AE4FB2930}.Debug|Any CPU.ActiveCfg = Debug|Any CPU
		{DA62B31C-AE03-43E5-AC70-F57AE4FB2930}.Debug|Any CPU.Build.0 = Debug|Any CPU
		{DA62B31C-AE03-43E5-AC70-F57AE4FB2930}.Release|Any CPU.ActiveCfg = Release|Any CPU
		{DA62B31C-AE03-43E5-AC70-F57AE4FB2930}.Release|Any CPU.Build.0 = Release|Any CPU
		{8447FF52-F4B8-49F7-AA89-D7C17CA78429}.Debug|Any CPU.ActiveCfg = Debug|Any CPU
		{8447FF52-F4B8-49F7-AA89-D7C17CA78429}.Debug|Any CPU.Build.0 = Debug|Any CPU
		{8447FF52-F4B8-49F7-AA89-D7C17CA78429}.Release|Any CPU.ActiveCfg = Release|Any CPU
		{8447FF52-F4B8-49F7-AA89-D7C17CA78429}.Release|Any CPU.Build.0 = Release|Any CPU
		{AA776C35-C80C-4696-816A-EA78EC3E59ED}.Debug|Any CPU.ActiveCfg = Debug|Any CPU
		{AA776C35-C80C-4696-816A-EA78EC3E59ED}.Debug|Any CPU.Build.0 = Debug|Any CPU
		{AA776C35-C80C-4696-816A-EA78EC3E59ED}.Release|Any CPU.ActiveCfg = Release|Any CPU
		{AA776C35-C80C-4696-816A-EA78EC3E59ED}.Release|Any CPU.Build.0 = Release|Any CPU
		{CD43676C-64F7-4ADE-A82C-A4A819153830}.Debug|Any CPU.ActiveCfg = Debug|Any CPU
		{CD43676C-64F7-4ADE-A82C-A4A819153830}.Debug|Any CPU.Build.0 = Debug|Any CPU
		{CD43676C-64F7-4ADE-A82C-A4A819153830}.Release|Any CPU.ActiveCfg = Release|Any CPU
		{CD43676C-64F7-4ADE-A82C-A4A819153830}.Release|Any CPU.Build.0 = Release|Any CPU
		{67AF32D5-C1FF-4FB8-BF84-852A9DF5871B}.Debug|Any CPU.ActiveCfg = Debug|Any CPU
		{67AF32D5-C1FF-4FB8-BF84-852A9DF5871B}.Debug|Any CPU.Build.0 = Debug|Any CPU
		{67AF32D5-C1FF-4FB8-BF84-852A9DF5871B}.Release|Any CPU.ActiveCfg = Release|Any CPU
		{67AF32D5-C1FF-4FB8-BF84-852A9DF5871B}.Release|Any CPU.Build.0 = Release|Any CPU
		{7996823E-2939-4BE6-AAB5-A85C6A876C5A}.Debug|Any CPU.ActiveCfg = Debug|Any CPU
		{7996823E-2939-4BE6-AAB5-A85C6A876C5A}.Debug|Any CPU.Build.0 = Debug|Any CPU
		{7996823E-2939-4BE6-AAB5-A85C6A876C5A}.Release|Any CPU.ActiveCfg = Release|Any CPU
		{7996823E-2939-4BE6-AAB5-A85C6A876C5A}.Release|Any CPU.Build.0 = Release|Any CPU
		{BD16EE81-2498-401A-A078-7F586D8087FE}.Debug|Any CPU.ActiveCfg = Debug|Any CPU
		{BD16EE81-2498-401A-A078-7F586D8087FE}.Debug|Any CPU.Build.0 = Debug|Any CPU
		{BD16EE81-2498-401A-A078-7F586D8087FE}.Release|Any CPU.ActiveCfg = Release|Any CPU
		{BD16EE81-2498-401A-A078-7F586D8087FE}.Release|Any CPU.Build.0 = Release|Any CPU
		{A8F5E626-5542-44E2-A14D-14B69ED18E4B}.Debug|Any CPU.ActiveCfg = Debug|Any CPU
		{A8F5E626-5542-44E2-A14D-14B69ED18E4B}.Debug|Any CPU.Build.0 = Debug|Any CPU
		{A8F5E626-5542-44E2-A14D-14B69ED18E4B}.Release|Any CPU.ActiveCfg = Release|Any CPU
		{A8F5E626-5542-44E2-A14D-14B69ED18E4B}.Release|Any CPU.Build.0 = Release|Any CPU
		{C480F494-1D47-42B1-9BBF-B6DEA6CA9596}.Debug|Any CPU.ActiveCfg = Debug|Any CPU
		{C480F494-1D47-42B1-9BBF-B6DEA6CA9596}.Debug|Any CPU.Build.0 = Debug|Any CPU
		{C480F494-1D47-42B1-9BBF-B6DEA6CA9596}.Release|Any CPU.ActiveCfg = Release|Any CPU
		{C480F494-1D47-42B1-9BBF-B6DEA6CA9596}.Release|Any CPU.Build.0 = Release|Any CPU
		{35D4F31A-8C2A-448F-A828-E748F0399563}.Debug|Any CPU.ActiveCfg = Debug|Any CPU
		{35D4F31A-8C2A-448F-A828-E748F0399563}.Debug|Any CPU.Build.0 = Debug|Any CPU
		{35D4F31A-8C2A-448F-A828-E748F0399563}.Release|Any CPU.ActiveCfg = Release|Any CPU
		{35D4F31A-8C2A-448F-A828-E748F0399563}.Release|Any CPU.Build.0 = Release|Any CPU
		{47867410-43E8-4F33-8876-5EC82BB51746}.Debug|Any CPU.ActiveCfg = Debug|Any CPU
		{47867410-43E8-4F33-8876-5EC82BB51746}.Debug|Any CPU.Build.0 = Debug|Any CPU
		{47867410-43E8-4F33-8876-5EC82BB51746}.Release|Any CPU.ActiveCfg = Release|Any CPU
		{47867410-43E8-4F33-8876-5EC82BB51746}.Release|Any CPU.Build.0 = Release|Any CPU
		{C6D545DD-90C4-493D-A6CF-B1BBF03A9186}.Debug|Any CPU.ActiveCfg = Debug|Any CPU
		{C6D545DD-90C4-493D-A6CF-B1BBF03A9186}.Debug|Any CPU.Build.0 = Debug|Any CPU
		{C6D545DD-90C4-493D-A6CF-B1BBF03A9186}.Release|Any CPU.ActiveCfg = Release|Any CPU
		{C6D545DD-90C4-493D-A6CF-B1BBF03A9186}.Release|Any CPU.Build.0 = Release|Any CPU
		{AC5F2CE0-BF15-43D9-A4AC-4F6FB2919144}.Debug|Any CPU.ActiveCfg = Debug|Any CPU
		{AC5F2CE0-BF15-43D9-A4AC-4F6FB2919144}.Debug|Any CPU.Build.0 = Debug|Any CPU
		{AC5F2CE0-BF15-43D9-A4AC-4F6FB2919144}.Release|Any CPU.ActiveCfg = Release|Any CPU
		{AC5F2CE0-BF15-43D9-A4AC-4F6FB2919144}.Release|Any CPU.Build.0 = Release|Any CPU
		{171DABE9-7085-424B-9A70-9671C11D6C25}.Debug|Any CPU.ActiveCfg = Debug|Any CPU
		{171DABE9-7085-424B-9A70-9671C11D6C25}.Debug|Any CPU.Build.0 = Debug|Any CPU
		{171DABE9-7085-424B-9A70-9671C11D6C25}.Release|Any CPU.ActiveCfg = Release|Any CPU
		{171DABE9-7085-424B-9A70-9671C11D6C25}.Release|Any CPU.Build.0 = Release|Any CPU
		{FA614422-9071-4B1A-877B-FF04AF0363E6}.Debug|Any CPU.ActiveCfg = Debug|Any CPU
		{FA614422-9071-4B1A-877B-FF04AF0363E6}.Debug|Any CPU.Build.0 = Debug|Any CPU
		{FA614422-9071-4B1A-877B-FF04AF0363E6}.Release|Any CPU.ActiveCfg = Release|Any CPU
		{FA614422-9071-4B1A-877B-FF04AF0363E6}.Release|Any CPU.Build.0 = Release|Any CPU
		{E38140F1-9617-4756-8224-59D2B942867F}.Debug|Any CPU.ActiveCfg = Debug|Any CPU
		{E38140F1-9617-4756-8224-59D2B942867F}.Debug|Any CPU.Build.0 = Debug|Any CPU
		{E38140F1-9617-4756-8224-59D2B942867F}.Release|Any CPU.ActiveCfg = Release|Any CPU
		{E38140F1-9617-4756-8224-59D2B942867F}.Release|Any CPU.Build.0 = Release|Any CPU
	EndGlobalSection
	GlobalSection(SolutionProperties) = preSolution
		HideSolutionNode = FALSE
	EndGlobalSection
	GlobalSection(ExtensibilityGlobals) = postSolution
		SolutionGuid = {EED25F4E-AE6C-47AF-B0E2-A3C4017B2A80}
	EndGlobalSection
EndGlobal
